// !$*UTF8*$!
{
	archiveVersion = 1;
	classes = {
	};
	objectVersion = 48;
	objects = {

/* Begin PBXBuildFile section */
		1CE640AD1FA0A21D005F5545 /* AppDelegate.swift in Sources */ = {isa = PBXBuildFile; fileRef = 1CE640AC1FA0A21D005F5545 /* AppDelegate.swift */; };
		1CE640AF1FA0A21D005F5545 /* ViewController.swift in Sources */ = {isa = PBXBuildFile; fileRef = 1CE640AE1FA0A21D005F5545 /* ViewController.swift */; };
		1CE640B21FA0A21D005F5545 /* Main.storyboard in Resources */ = {isa = PBXBuildFile; fileRef = 1CE640B01FA0A21D005F5545 /* Main.storyboard */; };
		1CE640B41FA0A21D005F5545 /* Assets.xcassets in Resources */ = {isa = PBXBuildFile; fileRef = 1CE640B31FA0A21D005F5545 /* Assets.xcassets */; };
		1CE640B71FA0A21D005F5545 /* LaunchScreen.storyboard in Resources */ = {isa = PBXBuildFile; fileRef = 1CE640B51FA0A21D005F5545 /* LaunchScreen.storyboard */; };
		1CE640C31FA0A3A8005F5545 /* Station.swift in Sources */ = {isa = PBXBuildFile; fileRef = 1CE640C21FA0A3A8005F5545 /* Station.swift */; };
		1CE640C51FA0BF03005F5545 /* StationCell.swift in Sources */ = {isa = PBXBuildFile; fileRef = 1CE640C41FA0BF03005F5545 /* StationCell.swift */; };
/* End PBXBuildFile section */

/* Begin PBXFileReference section */
		1CE640A91FA0A21D005F5545 /* Taipei-City-Water-Quality.app */ = {isa = PBXFileReference; explicitFileType = wrapper.application; includeInIndex = 0; path = "Taipei-City-Water-Quality.app"; sourceTree = BUILT_PRODUCTS_DIR; };
		1CE640AC1FA0A21D005F5545 /* AppDelegate.swift */ = {isa = PBXFileReference; lastKnownFileType = sourcecode.swift; path = AppDelegate.swift; sourceTree = "<group>"; };
		1CE640AE1FA0A21D005F5545 /* ViewController.swift */ = {isa = PBXFileReference; lastKnownFileType = sourcecode.swift; path = ViewController.swift; sourceTree = "<group>"; };
		1CE640B11FA0A21D005F5545 /* Base */ = {isa = PBXFileReference; lastKnownFileType = file.storyboard; name = Base; path = Base.lproj/Main.storyboard; sourceTree = "<group>"; };
		1CE640B31FA0A21D005F5545 /* Assets.xcassets */ = {isa = PBXFileReference; lastKnownFileType = folder.assetcatalog; path = Assets.xcassets; sourceTree = "<group>"; };
		1CE640B61FA0A21D005F5545 /* Base */ = {isa = PBXFileReference; lastKnownFileType = file.storyboard; name = Base; path = Base.lproj/LaunchScreen.storyboard; sourceTree = "<group>"; };
		1CE640B81FA0A21D005F5545 /* Info.plist */ = {isa = PBXFileReference; lastKnownFileType = text.plist.xml; path = Info.plist; sourceTree = "<group>"; };
		1CE640C21FA0A3A8005F5545 /* Station.swift */ = {isa = PBXFileReference; lastKnownFileType = sourcecode.swift; path = Station.swift; sourceTree = "<group>"; };
		1CE640C41FA0BF03005F5545 /* StationCell.swift */ = {isa = PBXFileReference; lastKnownFileType = sourcecode.swift; path = StationCell.swift; sourceTree = "<group>"; };
/* End PBXFileReference section */

/* Begin PBXFrameworksBuildPhase section */
		1CE640A61FA0A21D005F5545 /* Frameworks */ = {
			isa = PBXFrameworksBuildPhase;
			buildActionMask = 2147483647;
			files = (
			);
			runOnlyForDeploymentPostprocessing = 0;
		};
/* End PBXFrameworksBuildPhase section */

/* Begin PBXGroup section */
		1CE640A01FA0A21D005F5545 = {
			isa = PBXGroup;
			children = (
				1CE640AB1FA0A21D005F5545 /* Taipei-City-Water-Quality */,
				1CE640AA1FA0A21D005F5545 /* Products */,
			);
			sourceTree = "<group>";
		};
		1CE640AA1FA0A21D005F5545 /* Products */ = {
			isa = PBXGroup;
			children = (
				1CE640A91FA0A21D005F5545 /* Taipei-City-Water-Quality.app */,
			);
			name = Products;
			sourceTree = "<group>";
		};
		1CE640AB1FA0A21D005F5545 /* Taipei-City-Water-Quality */ = {
			isa = PBXGroup;
			children = (
				1CE640C11FA0A2AB005F5545 /* View */,
				1CE640C01FA0A26A005F5545 /* ViewController */,
				1CE640BF1FA0A260005F5545 /* Object */,
				1CE640BE1FA0A251005F5545 /* Extension */,
				1CE640AC1FA0A21D005F5545 /* AppDelegate.swift */,
				1CE640B01FA0A21D005F5545 /* Main.storyboard */,
				1CE640B31FA0A21D005F5545 /* Assets.xcassets */,
				1CE640B51FA0A21D005F5545 /* LaunchScreen.storyboard */,
				1CE640B81FA0A21D005F5545 /* Info.plist */,
			);
			path = "Taipei-City-Water-Quality";
			sourceTree = "<group>";
		};
		1CE640BE1FA0A251005F5545 /* Extension */ = {
			isa = PBXGroup;
			children = (
			);
			path = Extension;
			sourceTree = "<group>";
		};
		1CE640BF1FA0A260005F5545 /* Object */ = {
			isa = PBXGroup;
			children = (
				1CE640C21FA0A3A8005F5545 /* Station.swift */,
			);
			path = Object;
			sourceTree = "<group>";
		};
		1CE640C01FA0A26A005F5545 /* ViewController */ = {
			isa = PBXGroup;
			children = (
				1CE640AE1FA0A21D005F5545 /* ViewController.swift */,
			);
			path = ViewController;
			sourceTree = "<group>";
		};
		1CE640C11FA0A2AB005F5545 /* View */ = {
			isa = PBXGroup;
			children = (
				1CE640C41FA0BF03005F5545 /* StationCell.swift */,
			);
			path = View;
			sourceTree = "<group>";
		};
/* End PBXGroup section */

/* Begin PBXNativeTarget section */
		1CE640A81FA0A21D005F5545 /* Taipei-City-Water-Quality */ = {
			isa = PBXNativeTarget;
			buildConfigurationList = 1CE640BB1FA0A21D005F5545 /* Build configuration list for PBXNativeTarget "Taipei-City-Water-Quality" */;
			buildPhases = (
				1CE640A51FA0A21D005F5545 /* Sources */,
				1CE640A61FA0A21D005F5545 /* Frameworks */,
				1CE640A71FA0A21D005F5545 /* Resources */,
			);
			buildRules = (
			);
			dependencies = (
			);
			name = "Taipei-City-Water-Quality";
			productName = "Taipei-City-Water-Quality";
			productReference = 1CE640A91FA0A21D005F5545 /* Taipei-City-Water-Quality.app */;
			productType = "com.apple.product-type.application";
		};
/* End PBXNativeTarget section */

/* Begin PBXProject section */
		1CE640A11FA0A21D005F5545 /* Project object */ = {
			isa = PBXProject;
			attributes = {
				LastSwiftUpdateCheck = 0900;
				LastUpgradeCheck = 0900;
				ORGANIZATIONNAME = "Soleil Software Studio Inc.";
				TargetAttributes = {
					1CE640A81FA0A21D005F5545 = {
						CreatedOnToolsVersion = 9.0.1;
						ProvisioningStyle = Automatic;
					};
				};
			};
			buildConfigurationList = 1CE640A41FA0A21D005F5545 /* Build configuration list for PBXProject "Taipei-City-Water-Quality" */;
			compatibilityVersion = "Xcode 8.0";
			developmentRegion = en;
			hasScannedForEncodings = 0;
			knownRegions = (
				en,
				Base,
			);
			mainGroup = 1CE640A01FA0A21D005F5545;
			productRefGroup = 1CE640AA1FA0A21D005F5545 /* Products */;
			projectDirPath = "";
			projectRoot = "";
			targets = (
				1CE640A81FA0A21D005F5545 /* Taipei-City-Water-Quality */,
			);
		};
/* End PBXProject section */

/* Begin PBXResourcesBuildPhase section */
		1CE640A71FA0A21D005F5545 /* Resources */ = {
			isa = PBXResourcesBuildPhase;
			buildActionMask = 2147483647;
			files = (
				1CE640B71FA0A21D005F5545 /* LaunchScreen.storyboard in Resources */,
				1CE640B41FA0A21D005F5545 /* Assets.xcassets in Resources */,
				1CE640B21FA0A21D005F5545 /* Main.storyboard in Resources */,
			);
			runOnlyForDeploymentPostprocessing = 0;
		};
/* End PBXResourcesBuildPhase section */

/* Begin PBXSourcesBuildPhase section */
		1CE640A51FA0A21D005F5545 /* Sources */ = {
			isa = PBXSourcesBuildPhase;
			buildActionMask = 2147483647;
			files = (
				1CE640AF1FA0A21D005F5545 /* ViewController.swift in Sources */,
				1CE640C31FA0A3A8005F5545 /* Station.swift in Sources */,
				1CE640C51FA0BF03005F5545 /* StationCell.swift in Sources */,
				1CE640AD1FA0A21D005F5545 /* AppDelegate.swift in Sources */,
			);
			runOnlyForDeploymentPostprocessing = 0;
		};
/* End PBXSourcesBuildPhase section */

/* Begin PBXVariantGroup section */
		1CE640B01FA0A21D005F5545 /* Main.storyboard */ = {
			isa = PBXVariantGroup;
			children = (
				1CE640B11FA0A21D005F5545 /* Base */,
			);
			name = Main.storyboard;
			sourceTree = "<group>";
		};
		1CE640B51FA0A21D005F5545 /* LaunchScreen.storyboard */ = {
			isa = PBXVariantGroup;
			children = (
				1CE640B61FA0A21D005F5545 /* Base */,
			);
			name = LaunchScreen.storyboard;
			sourceTree = "<group>";
		};
/* End PBXVariantGroup section */

/* Begin XCBuildConfiguration section */
		1CE640B91FA0A21D005F5545 /* Debug */ = {
			isa = XCBuildConfiguration;
			buildSettings = {
				ALWAYS_SEARCH_USER_PATHS = NO;
				CLANG_ANALYZER_NONNULL = YES;
				CLANG_ANALYZER_NUMBER_OBJECT_CONVERSION = YES_AGGRESSIVE;
				CLANG_CXX_LANGUAGE_STANDARD = "gnu++14";
				CLANG_CXX_LIBRARY = "libc++";
				CLANG_ENABLE_MODULES = YES;
				CLANG_ENABLE_OBJC_ARC = YES;
				CLANG_WARN_BLOCK_CAPTURE_AUTORELEASING = YES;
				CLANG_WARN_BOOL_CONVERSION = YES;
				CLANG_WARN_COMMA = YES;
				CLANG_WARN_CONSTANT_CONVERSION = YES;
				CLANG_WARN_DIRECT_OBJC_ISA_USAGE = YES_ERROR;
				CLANG_WARN_DOCUMENTATION_COMMENTS = YES;
				CLANG_WARN_EMPTY_BODY = YES;
				CLANG_WARN_ENUM_CONVERSION = YES;
				CLANG_WARN_INFINITE_RECURSION = YES;
				CLANG_WARN_INT_CONVERSION = YES;
				CLANG_WARN_NON_LITERAL_NULL_CONVERSION = YES;
				CLANG_WARN_OBJC_LITERAL_CONVERSION = YES;
				CLANG_WARN_OBJC_ROOT_CLASS = YES_ERROR;
				CLANG_WARN_RANGE_LOOP_ANALYSIS = YES;
				CLANG_WARN_STRICT_PROTOTYPES = YES;
				CLANG_WARN_SUSPICIOUS_MOVE = YES;
				CLANG_WARN_UNGUARDED_AVAILABILITY = YES_AGGRESSIVE;
				CLANG_WARN_UNREACHABLE_CODE = YES;
				CLANG_WARN__DUPLICATE_METHOD_MATCH = YES;
				CODE_SIGN_IDENTITY = "iPhone Developer";
				COPY_PHASE_STRIP = NO;
				DEBUG_INFORMATION_FORMAT = dwarf;
				ENABLE_STRICT_OBJC_MSGSEND = YES;
				ENABLE_TESTABILITY = YES;
				GCC_C_LANGUAGE_STANDARD = gnu11;
				GCC_DYNAMIC_NO_PIC = NO;
				GCC_NO_COMMON_BLOCKS = YES;
				GCC_OPTIMIZATION_LEVEL = 0;
				GCC_PREPROCESSOR_DEFINITIONS = (
					"DEBUG=1",
					"$(inherited)",
				);
				GCC_WARN_64_TO_32_BIT_CONVERSION = YES;
				GCC_WARN_ABOUT_RETURN_TYPE = YES_ERROR;
				GCC_WARN_UNDECLARED_SELECTOR = YES;
				GCC_WARN_UNINITIALIZED_AUTOS = YES_AGGRESSIVE;
				GCC_WARN_UNUSED_FUNCTION = YES;
				GCC_WARN_UNUSED_VARIABLE = YES;
				IPHONEOS_DEPLOYMENT_TARGET = 11.0;
				MTL_ENABLE_DEBUG_INFO = YES;
				ONLY_ACTIVE_ARCH = YES;
				SDKROOT = iphoneos;
				SWIFT_ACTIVE_COMPILATION_CONDITIONS = DEBUG;
				SWIFT_OPTIMIZATION_LEVEL = "-Onone";
			};
			name = Debug;
		};
		1CE640BA1FA0A21D005F5545 /* Release */ = {
			isa = XCBuildConfiguration;
			buildSettings = {
				ALWAYS_SEARCH_USER_PATHS = NO;
				CLANG_ANALYZER_NONNULL = YES;
				CLANG_ANALYZER_NUMBER_OBJECT_CONVERSION = YES_AGGRESSIVE;
				CLANG_CXX_LANGUAGE_STANDARD = "gnu++14";
				CLANG_CXX_LIBRARY = "libc++";
				CLANG_ENABLE_MODULES = YES;
				CLANG_ENABLE_OBJC_ARC = YES;
				CLANG_WARN_BLOCK_CAPTURE_AUTORELEASING = YES;
				CLANG_WARN_BOOL_CONVERSION = YES;
				CLANG_WARN_COMMA = YES;
				CLANG_WARN_CONSTANT_CONVERSION = YES;
				CLANG_WARN_DIRECT_OBJC_ISA_USAGE = YES_ERROR;
				CLANG_WARN_DOCUMENTATION_COMMENTS = YES;
				CLANG_WARN_EMPTY_BODY = YES;
				CLANG_WARN_ENUM_CONVERSION = YES;
				CLANG_WARN_INFINITE_RECURSION = YES;
				CLANG_WARN_INT_CONVERSION = YES;
				CLANG_WARN_NON_LITERAL_NULL_CONVERSION = YES;
				CLANG_WARN_OBJC_LITERAL_CONVERSION = YES;
				CLANG_WARN_OBJC_ROOT_CLASS = YES_ERROR;
				CLANG_WARN_RANGE_LOOP_ANALYSIS = YES;
				CLANG_WARN_STRICT_PROTOTYPES = YES;
				CLANG_WARN_SUSPICIOUS_MOVE = YES;
				CLANG_WARN_UNGUARDED_AVAILABILITY = YES_AGGRESSIVE;
				CLANG_WARN_UNREACHABLE_CODE = YES;
				CLANG_WARN__DUPLICATE_METHOD_MATCH = YES;
				CODE_SIGN_IDENTITY = "iPhone Developer";
				COPY_PHASE_STRIP = NO;
				DEBUG_INFORMATION_FORMAT = "dwarf-with-dsym";
				ENABLE_NS_ASSERTIONS = NO;
				ENABLE_STRICT_OBJC_MSGSEND = YES;
				GCC_C_LANGUAGE_STANDARD = gnu11;
				GCC_NO_COMMON_BLOCKS = YES;
				GCC_WARN_64_TO_32_BIT_CONVERSION = YES;
				GCC_WARN_ABOUT_RETURN_TYPE = YES_ERROR;
				GCC_WARN_UNDECLARED_SELECTOR = YES;
				GCC_WARN_UNINITIALIZED_AUTOS = YES_AGGRESSIVE;
				GCC_WARN_UNUSED_FUNCTION = YES;
				GCC_WARN_UNUSED_VARIABLE = YES;
				IPHONEOS_DEPLOYMENT_TARGET = 11.0;
				MTL_ENABLE_DEBUG_INFO = NO;
				SDKROOT = iphoneos;
				SWIFT_OPTIMIZATION_LEVEL = "-Owholemodule";
				VALIDATE_PRODUCT = YES;
			};
			name = Release;
		};
		1CE640BC1FA0A21D005F5545 /* Debug */ = {
			isa = XCBuildConfiguration;
			buildSettings = {
				ASSETCATALOG_COMPILER_APPICON_NAME = AppIcon;
				CODE_SIGN_STYLE = Automatic;
				DEVELOPMENT_TEAM = 8DCXL25R37;
				INFOPLIST_FILE = "Taipei-City-Water-Quality/Info.plist";
				LD_RUNPATH_SEARCH_PATHS = "$(inherited) @executable_path/Frameworks";
				PRODUCT_BUNDLE_IDENTIFIER = "tw.edu.tku.Taipei-City-Water-Quality";
				PRODUCT_NAME = "$(TARGET_NAME)";
				SWIFT_VERSION = 4.0;
				TARGETED_DEVICE_FAMILY = "1,2";
			};
			name = Debug;
		};
		1CE640BD1FA0A21D005F5545 /* Release */ = {
			isa = XCBuildConfiguration;
			buildSettings = {
				ASSETCATALOG_COMPILER_APPICON_NAME = AppIcon;
				CODE_SIGN_STYLE = Automatic;
				DEVELOPMENT_TEAM = 8DCXL25R37;
				INFOPLIST_FILE = "Taipei-City-Water-Quality/Info.plist";
				LD_RUNPATH_SEARCH_PATHS = "$(inherited) @executable_path/Frameworks";
				PRODUCT_BUNDLE_IDENTIFIER = "tw.edu.tku.Taipei-City-Water-Quality";
				PRODUCT_NAME = "$(TARGET_NAME)";
				SWIFT_VERSION = 4.0;
				TARGETED_DEVICE_FAMILY = "1,2";
			};
			name = Release;
		};
/* End XCBuildConfiguration section */

/* Begin XCConfigurationList section */
		1CE640A41FA0A21D005F5545 /* Build configuration list for PBXProject "Taipei-City-Water-Quality" */ = {
			isa = XCConfigurationList;
			buildConfigurations = (
				1CE640B91FA0A21D005F5545 /* Debug */,
				1CE640BA1FA0A21D005F5545 /* Release */,
			);
			defaultConfigurationIsVisible = 0;
			defaultConfigurationName = Release;
		};
		1CE640BB1FA0A21D005F5545 /* Build configuration list for PBXNativeTarget "Taipei-City-Water-Quality" */ = {
			isa = XCConfigurationList;
			buildConfigurations = (
				1CE640BC1FA0A21D005F5545 /* Debug */,
				1CE640BD1FA0A21D005F5545 /* Release */,
			);
			defaultConfigurationIsVisible = 0;
			defaultConfigurationName = Release;
		};
/* End XCConfigurationList section */
	};
	rootObject = 1CE640A11FA0A21D005F5545 /* Project object */;
}
