// !$*UTF8*$!
{
	archiveVersion = 1;
	classes = {
	};
	objectVersion = 48;
	objects = {

/* Begin PBXBuildFile section */
		1C2A7FEC1F9B959B00928375 /* AppDelegate.swift in Sources */ = {isa = PBXBuildFile; fileRef = 1C2A7FEB1F9B959B00928375 /* AppDelegate.swift */; };
		1C2A7FEE1F9B959B00928375 /* ViewController.swift in Sources */ = {isa = PBXBuildFile; fileRef = 1C2A7FED1F9B959B00928375 /* ViewController.swift */; };
		1C2A7FF11F9B959C00928375 /* Main.storyboard in Resources */ = {isa = PBXBuildFile; fileRef = 1C2A7FEF1F9B959C00928375 /* Main.storyboard */; };
		1C2A7FF31F9B959C00928375 /* Assets.xcassets in Resources */ = {isa = PBXBuildFile; fileRef = 1C2A7FF21F9B959C00928375 /* Assets.xcassets */; };
		1C2A7FF61F9B959C00928375 /* LaunchScreen.storyboard in Resources */ = {isa = PBXBuildFile; fileRef = 1C2A7FF41F9B959C00928375 /* LaunchScreen.storyboard */; };
		1C2A80001F9B9ACE00928375 /* Station.swift in Sources */ = {isa = PBXBuildFile; fileRef = 1C2A7FFF1F9B9ACE00928375 /* Station.swift */; };
		1C2A80031F9B9C9400928375 /* StationViewCell.swift in Sources */ = {isa = PBXBuildFile; fileRef = 1C2A80021F9B9C9400928375 /* StationViewCell.swift */; };
/* End PBXBuildFile section */

/* Begin PBXFileReference section */
		1C2A7FE81F9B959B00928375 /* Taipei-City-Water-Quality.app */ = {isa = PBXFileReference; explicitFileType = wrapper.application; includeInIndex = 0; path = "Taipei-City-Water-Quality.app"; sourceTree = BUILT_PRODUCTS_DIR; };
		1C2A7FEB1F9B959B00928375 /* AppDelegate.swift */ = {isa = PBXFileReference; lastKnownFileType = sourcecode.swift; path = AppDelegate.swift; sourceTree = "<group>"; };
		1C2A7FED1F9B959B00928375 /* ViewController.swift */ = {isa = PBXFileReference; lastKnownFileType = sourcecode.swift; path = ViewController.swift; sourceTree = "<group>"; };
		1C2A7FF01F9B959C00928375 /* Base */ = {isa = PBXFileReference; lastKnownFileType = file.storyboard; name = Base; path = Base.lproj/Main.storyboard; sourceTree = "<group>"; };
		1C2A7FF21F9B959C00928375 /* Assets.xcassets */ = {isa = PBXFileReference; lastKnownFileType = folder.assetcatalog; path = Assets.xcassets; sourceTree = "<group>"; };
		1C2A7FF51F9B959C00928375 /* Base */ = {isa = PBXFileReference; lastKnownFileType = file.storyboard; name = Base; path = Base.lproj/LaunchScreen.storyboard; sourceTree = "<group>"; };
		1C2A7FF71F9B959C00928375 /* Info.plist */ = {isa = PBXFileReference; lastKnownFileType = text.plist.xml; path = Info.plist; sourceTree = "<group>"; };
		1C2A7FFF1F9B9ACE00928375 /* Station.swift */ = {isa = PBXFileReference; lastKnownFileType = sourcecode.swift; path = Station.swift; sourceTree = "<group>"; };
		1C2A80021F9B9C9400928375 /* StationViewCell.swift */ = {isa = PBXFileReference; lastKnownFileType = sourcecode.swift; path = StationViewCell.swift; sourceTree = "<group>"; };
/* End PBXFileReference section */

/* Begin PBXFrameworksBuildPhase section */
		1C2A7FE51F9B959B00928375 /* Frameworks */ = {
			isa = PBXFrameworksBuildPhase;
			buildActionMask = 2147483647;
			files = (
			);
			runOnlyForDeploymentPostprocessing = 0;
		};
/* End PBXFrameworksBuildPhase section */

/* Begin PBXGroup section */
		1C2A7FDF1F9B959B00928375 = {
			isa = PBXGroup;
			children = (
				1C2A7FEA1F9B959B00928375 /* Taipei-City-Water-Quality */,
				1C2A7FE91F9B959B00928375 /* Products */,
			);
			sourceTree = "<group>";
		};
		1C2A7FE91F9B959B00928375 /* Products */ = {
			isa = PBXGroup;
			children = (
				1C2A7FE81F9B959B00928375 /* Taipei-City-Water-Quality.app */,
			);
			name = Products;
			sourceTree = "<group>";
		};
		1C2A7FEA1F9B959B00928375 /* Taipei-City-Water-Quality */ = {
			isa = PBXGroup;
			children = (
				1C2A7FFE1F9B9AA200928375 /* Object */,
				1C2A7FFD1F9B95AA00928375 /* ViewController */,
				1C2A80011F9B9C7D00928375 /* View */,
				1C2A7FEB1F9B959B00928375 /* AppDelegate.swift */,
				1C2A7FEF1F9B959C00928375 /* Main.storyboard */,
				1C2A7FF21F9B959C00928375 /* Assets.xcassets */,
				1C2A7FF41F9B959C00928375 /* LaunchScreen.storyboard */,
				1C2A7FF71F9B959C00928375 /* Info.plist */,
			);
			path = "Taipei-City-Water-Quality";
			sourceTree = "<group>";
		};
		1C2A7FFD1F9B95AA00928375 /* ViewController */ = {
			isa = PBXGroup;
			children = (
				1C2A7FED1F9B959B00928375 /* ViewController.swift */,
			);
			path = ViewController;
			sourceTree = "<group>";
		};
		1C2A7FFE1F9B9AA200928375 /* Object */ = {
			isa = PBXGroup;
			children = (
				1C2A7FFF1F9B9ACE00928375 /* Station.swift */,
			);
			path = Object;
			sourceTree = "<group>";
		};
		1C2A80011F9B9C7D00928375 /* View */ = {
			isa = PBXGroup;
			children = (
				1C2A80021F9B9C9400928375 /* StationViewCell.swift */,
			);
			path = View;
			sourceTree = "<group>";
		};
/* End PBXGroup section */

/* Begin PBXNativeTarget section */
		1C2A7FE71F9B959B00928375 /* Taipei-City-Water-Quality */ = {
			isa = PBXNativeTarget;
			buildConfigurationList = 1C2A7FFA1F9B959C00928375 /* Build configuration list for PBXNativeTarget "Taipei-City-Water-Quality" */;
			buildPhases = (
				1C2A7FE41F9B959B00928375 /* Sources */,
				1C2A7FE51F9B959B00928375 /* Frameworks */,
				1C2A7FE61F9B959B00928375 /* Resources */,
			);
			buildRules = (
			);
			dependencies = (
			);
			name = "Taipei-City-Water-Quality";
			productName = "Taipei-City-Water-Quality";
			productReference = 1C2A7FE81F9B959B00928375 /* Taipei-City-Water-Quality.app */;
			productType = "com.apple.product-type.application";
		};
/* End PBXNativeTarget section */

/* Begin PBXProject section */
		1C2A7FE01F9B959B00928375 /* Project object */ = {
			isa = PBXProject;
			attributes = {
				LastSwiftUpdateCheck = 0900;
				LastUpgradeCheck = 0900;
				ORGANIZATIONNAME = "Soleil Software Studio Inc.";
				TargetAttributes = {
					1C2A7FE71F9B959B00928375 = {
						CreatedOnToolsVersion = 9.0.1;
						ProvisioningStyle = Automatic;
					};
				};
			};
			buildConfigurationList = 1C2A7FE31F9B959B00928375 /* Build configuration list for PBXProject "Taipei-City-Water-Quality" */;
			compatibilityVersion = "Xcode 8.0";
			developmentRegion = en;
			hasScannedForEncodings = 0;
			knownRegions = (
				en,
				Base,
			);
			mainGroup = 1C2A7FDF1F9B959B00928375;
			productRefGroup = 1C2A7FE91F9B959B00928375 /* Products */;
			projectDirPath = "";
			projectRoot = "";
			targets = (
				1C2A7FE71F9B959B00928375 /* Taipei-City-Water-Quality */,
			);
		};
/* End PBXProject section */

/* Begin PBXResourcesBuildPhase section */
		1C2A7FE61F9B959B00928375 /* Resources */ = {
			isa = PBXResourcesBuildPhase;
			buildActionMask = 2147483647;
			files = (
				1C2A7FF61F9B959C00928375 /* LaunchScreen.storyboard in Resources */,
				1C2A7FF31F9B959C00928375 /* Assets.xcassets in Resources */,
				1C2A7FF11F9B959C00928375 /* Main.storyboard in Resources */,
			);
			runOnlyForDeploymentPostprocessing = 0;
		};
/* End PBXResourcesBuildPhase section */

/* Begin PBXSourcesBuildPhase section */
		1C2A7FE41F9B959B00928375 /* Sources */ = {
			isa = PBXSourcesBuildPhase;
			buildActionMask = 2147483647;
			files = (
				1C2A7FEE1F9B959B00928375 /* ViewController.swift in Sources */,
				1C2A80031F9B9C9400928375 /* StationViewCell.swift in Sources */,
				1C2A80001F9B9ACE00928375 /* Station.swift in Sources */,
				1C2A7FEC1F9B959B00928375 /* AppDelegate.swift in Sources */,
			);
			runOnlyForDeploymentPostprocessing = 0;
		};
/* End PBXSourcesBuildPhase section */

/* Begin PBXVariantGroup section */
		1C2A7FEF1F9B959C00928375 /* Main.storyboard */ = {
			isa = PBXVariantGroup;
			children = (
				1C2A7FF01F9B959C00928375 /* Base */,
			);
			name = Main.storyboard;
			sourceTree = "<group>";
		};
		1C2A7FF41F9B959C00928375 /* LaunchScreen.storyboard */ = {
			isa = PBXVariantGroup;
			children = (
				1C2A7FF51F9B959C00928375 /* Base */,
			);
			name = LaunchScreen.storyboard;
			sourceTree = "<group>";
		};
/* End PBXVariantGroup section */

/* Begin XCBuildConfiguration section */
		1C2A7FF81F9B959C00928375 /* Debug */ = {
			isa = XCBuildConfiguration;
			buildSettings = {
				ALWAYS_SEARCH_USER_PATHS = NO;
				CLANG_ANALYZER_NONNULL = YES;
				CLANG_ANALYZER_NUMBER_OBJECT_CONVERSION = YES_AGGRESSIVE;
				CLANG_CXX_LANGUAGE_STANDARD = "gnu++14";
				CLANG_CXX_LIBRARY = "libc++";
				CLANG_ENABLE_MODULES = YES;
				CLANG_ENABLE_OBJC_ARC = YES;
				CLANG_WARN_BLOCK_CAPTURE_AUTORELEASING = YES;
				CLANG_WARN_BOOL_CONVERSION = YES;
				CLANG_WARN_COMMA = YES;
				CLANG_WARN_CONSTANT_CONVERSION = YES;
				CLANG_WARN_DIRECT_OBJC_ISA_USAGE = YES_ERROR;
				CLANG_WARN_DOCUMENTATION_COMMENTS = YES;
				CLANG_WARN_EMPTY_BODY = YES;
				CLANG_WARN_ENUM_CONVERSION = YES;
				CLANG_WARN_INFINITE_RECURSION = YES;
				CLANG_WARN_INT_CONVERSION = YES;
				CLANG_WARN_NON_LITERAL_NULL_CONVERSION = YES;
				CLANG_WARN_OBJC_LITERAL_CONVERSION = YES;
				CLANG_WARN_OBJC_ROOT_CLASS = YES_ERROR;
				CLANG_WARN_RANGE_LOOP_ANALYSIS = YES;
				CLANG_WARN_STRICT_PROTOTYPES = YES;
				CLANG_WARN_SUSPICIOUS_MOVE = YES;
				CLANG_WARN_UNGUARDED_AVAILABILITY = YES_AGGRESSIVE;
				CLANG_WARN_UNREACHABLE_CODE = YES;
				CLANG_WARN__DUPLICATE_METHOD_MATCH = YES;
				CODE_SIGN_IDENTITY = "iPhone Developer";
				COPY_PHASE_STRIP = NO;
				DEBUG_INFORMATION_FORMAT = dwarf;
				ENABLE_STRICT_OBJC_MSGSEND = YES;
				ENABLE_TESTABILITY = YES;
				GCC_C_LANGUAGE_STANDARD = gnu11;
				GCC_DYNAMIC_NO_PIC = NO;
				GCC_NO_COMMON_BLOCKS = YES;
				GCC_OPTIMIZATION_LEVEL = 0;
				GCC_PREPROCESSOR_DEFINITIONS = (
					"DEBUG=1",
					"$(inherited)",
				);
				GCC_WARN_64_TO_32_BIT_CONVERSION = YES;
				GCC_WARN_ABOUT_RETURN_TYPE = YES_ERROR;
				GCC_WARN_UNDECLARED_SELECTOR = YES;
				GCC_WARN_UNINITIALIZED_AUTOS = YES_AGGRESSIVE;
				GCC_WARN_UNUSED_FUNCTION = YES;
				GCC_WARN_UNUSED_VARIABLE = YES;
				IPHONEOS_DEPLOYMENT_TARGET = 11.0;
				MTL_ENABLE_DEBUG_INFO = YES;
				ONLY_ACTIVE_ARCH = YES;
				SDKROOT = iphoneos;
				SWIFT_ACTIVE_COMPILATION_CONDITIONS = DEBUG;
				SWIFT_OPTIMIZATION_LEVEL = "-Onone";
			};
			name = Debug;
		};
		1C2A7FF91F9B959C00928375 /* Release */ = {
			isa = XCBuildConfiguration;
			buildSettings = {
				ALWAYS_SEARCH_USER_PATHS = NO;
				CLANG_ANALYZER_NONNULL = YES;
				CLANG_ANALYZER_NUMBER_OBJECT_CONVERSION = YES_AGGRESSIVE;
				CLANG_CXX_LANGUAGE_STANDARD = "gnu++14";
				CLANG_CXX_LIBRARY = "libc++";
				CLANG_ENABLE_MODULES = YES;
				CLANG_ENABLE_OBJC_ARC = YES;
				CLANG_WARN_BLOCK_CAPTURE_AUTORELEASING = YES;
				CLANG_WARN_BOOL_CONVERSION = YES;
				CLANG_WARN_COMMA = YES;
				CLANG_WARN_CONSTANT_CONVERSION = YES;
				CLANG_WARN_DIRECT_OBJC_ISA_USAGE = YES_ERROR;
				CLANG_WARN_DOCUMENTATION_COMMENTS = YES;
				CLANG_WARN_EMPTY_BODY = YES;
				CLANG_WARN_ENUM_CONVERSION = YES;
				CLANG_WARN_INFINITE_RECURSION = YES;
				CLANG_WARN_INT_CONVERSION = YES;
				CLANG_WARN_NON_LITERAL_NULL_CONVERSION = YES;
				CLANG_WARN_OBJC_LITERAL_CONVERSION = YES;
				CLANG_WARN_OBJC_ROOT_CLASS = YES_ERROR;
				CLANG_WARN_RANGE_LOOP_ANALYSIS = YES;
				CLANG_WARN_STRICT_PROTOTYPES = YES;
				CLANG_WARN_SUSPICIOUS_MOVE = YES;
				CLANG_WARN_UNGUARDED_AVAILABILITY = YES_AGGRESSIVE;
				CLANG_WARN_UNREACHABLE_CODE = YES;
				CLANG_WARN__DUPLICATE_METHOD_MATCH = YES;
				CODE_SIGN_IDENTITY = "iPhone Developer";
				COPY_PHASE_STRIP = NO;
				DEBUG_INFORMATION_FORMAT = "dwarf-with-dsym";
				ENABLE_NS_ASSERTIONS = NO;
				ENABLE_STRICT_OBJC_MSGSEND = YES;
				GCC_C_LANGUAGE_STANDARD = gnu11;
				GCC_NO_COMMON_BLOCKS = YES;
				GCC_WARN_64_TO_32_BIT_CONVERSION = YES;
				GCC_WARN_ABOUT_RETURN_TYPE = YES_ERROR;
				GCC_WARN_UNDECLARED_SELECTOR = YES;
				GCC_WARN_UNINITIALIZED_AUTOS = YES_AGGRESSIVE;
				GCC_WARN_UNUSED_FUNCTION = YES;
				GCC_WARN_UNUSED_VARIABLE = YES;
				IPHONEOS_DEPLOYMENT_TARGET = 11.0;
				MTL_ENABLE_DEBUG_INFO = NO;
				SDKROOT = iphoneos;
				SWIFT_OPTIMIZATION_LEVEL = "-Owholemodule";
				VALIDATE_PRODUCT = YES;
			};
			name = Release;
		};
		1C2A7FFB1F9B959C00928375 /* Debug */ = {
			isa = XCBuildConfiguration;
			buildSettings = {
				ASSETCATALOG_COMPILER_APPICON_NAME = AppIcon;
				CODE_SIGN_STYLE = Automatic;
				DEVELOPMENT_TEAM = 8DCXL25R37;
				INFOPLIST_FILE = "Taipei-City-Water-Quality/Info.plist";
				LD_RUNPATH_SEARCH_PATHS = "$(inherited) @executable_path/Frameworks";
				PRODUCT_BUNDLE_IDENTIFIER = "tw.soleil.Taipei-City-Water-Quality";
				PRODUCT_NAME = "$(TARGET_NAME)";
				SWIFT_VERSION = 4.0;
				TARGETED_DEVICE_FAMILY = "1,2";
			};
			name = Debug;
		};
		1C2A7FFC1F9B959C00928375 /* Release */ = {
			isa = XCBuildConfiguration;
			buildSettings = {
				ASSETCATALOG_COMPILER_APPICON_NAME = AppIcon;
				CODE_SIGN_STYLE = Automatic;
				DEVELOPMENT_TEAM = 8DCXL25R37;
				INFOPLIST_FILE = "Taipei-City-Water-Quality/Info.plist";
				LD_RUNPATH_SEARCH_PATHS = "$(inherited) @executable_path/Frameworks";
				PRODUCT_BUNDLE_IDENTIFIER = "tw.soleil.Taipei-City-Water-Quality";
				PRODUCT_NAME = "$(TARGET_NAME)";
				SWIFT_VERSION = 4.0;
				TARGETED_DEVICE_FAMILY = "1,2";
			};
			name = Release;
		};
/* End XCBuildConfiguration section */

/* Begin XCConfigurationList section */
		1C2A7FE31F9B959B00928375 /* Build configuration list for PBXProject "Taipei-City-Water-Quality" */ = {
			isa = XCConfigurationList;
			buildConfigurations = (
				1C2A7FF81F9B959C00928375 /* Debug */,
				1C2A7FF91F9B959C00928375 /* Release */,
			);
			defaultConfigurationIsVisible = 0;
			defaultConfigurationName = Release;
		};
		1C2A7FFA1F9B959C00928375 /* Build configuration list for PBXNativeTarget "Taipei-City-Water-Quality" */ = {
			isa = XCConfigurationList;
			buildConfigurations = (
				1C2A7FFB1F9B959C00928375 /* Debug */,
				1C2A7FFC1F9B959C00928375 /* Release */,
			);
			defaultConfigurationIsVisible = 0;
			defaultConfigurationName = Release;
		};
/* End XCConfigurationList section */
	};
	rootObject = 1C2A7FE01F9B959B00928375 /* Project object */;
}
